// !$*UTF8*$!
{
	archiveVersion = 1;
	classes = {
	};
	objectVersion = 46;
	objects = {

/* Begin PBXBuildFile section */
		AC37F4A71B49BDB200853407 /* ACWalksPreviewCell.m in Sources */ = {isa = PBXBuildFile; fileRef = AC37F4A61B49BDB200853407 /* ACWalksPreviewCell.m */; };
		AC37F4AA1B49EECC00853407 /* ACDetailsViewController.m in Sources */ = {isa = PBXBuildFile; fileRef = AC37F4A91B49EECC00853407 /* ACDetailsViewController.m */; };
		ACD609F81B48C11E006B4FE0 /* main.m in Sources */ = {isa = PBXBuildFile; fileRef = ACD609F71B48C11E006B4FE0 /* main.m */; };
		ACD609FB1B48C11E006B4FE0 /* AppDelegate.m in Sources */ = {isa = PBXBuildFile; fileRef = ACD609FA1B48C11E006B4FE0 /* AppDelegate.m */; };
		ACD609FE1B48C11E006B4FE0 /* IFootPathApp.xcdatamodeld in Sources */ = {isa = PBXBuildFile; fileRef = ACD609FC1B48C11E006B4FE0 /* IFootPathApp.xcdatamodeld */; };
		ACD60A041B48C11E006B4FE0 /* Main.storyboard in Resources */ = {isa = PBXBuildFile; fileRef = ACD60A021B48C11E006B4FE0 /* Main.storyboard */; };
		ACD60A061B48C11E006B4FE0 /* Images.xcassets in Resources */ = {isa = PBXBuildFile; fileRef = ACD60A051B48C11E006B4FE0 /* Images.xcassets */; };
		ACD60A091B48C11E006B4FE0 /* LaunchScreen.xib in Resources */ = {isa = PBXBuildFile; fileRef = ACD60A071B48C11E006B4FE0 /* LaunchScreen.xib */; };
		ACD60A151B48C11E006B4FE0 /* IFootPathAppTests.m in Sources */ = {isa = PBXBuildFile; fileRef = ACD60A141B48C11E006B4FE0 /* IFootPathAppTests.m */; };
		ACD60A451B48C567006B4FE0 /* AFHTTPRequestOperation.m in Sources */ = {isa = PBXBuildFile; fileRef = ACD60A211B48C567006B4FE0 /* AFHTTPRequestOperation.m */; };
		ACD60A461B48C568006B4FE0 /* AFHTTPRequestOperationManager.m in Sources */ = {isa = PBXBuildFile; fileRef = ACD60A231B48C567006B4FE0 /* AFHTTPRequestOperationManager.m */; };
		ACD60A471B48C568006B4FE0 /* AFHTTPSessionManager.m in Sources */ = {isa = PBXBuildFile; fileRef = ACD60A251B48C567006B4FE0 /* AFHTTPSessionManager.m */; };
		ACD60A481B48C568006B4FE0 /* AFNetworkReachabilityManager.m in Sources */ = {isa = PBXBuildFile; fileRef = ACD60A281B48C567006B4FE0 /* AFNetworkReachabilityManager.m */; };
		ACD60A491B48C568006B4FE0 /* AFSecurityPolicy.m in Sources */ = {isa = PBXBuildFile; fileRef = ACD60A2A1B48C567006B4FE0 /* AFSecurityPolicy.m */; };
		ACD60A4A1B48C568006B4FE0 /* AFURLConnectionOperation.m in Sources */ = {isa = PBXBuildFile; fileRef = ACD60A2C1B48C567006B4FE0 /* AFURLConnectionOperation.m */; };
		ACD60A4B1B48C568006B4FE0 /* AFURLRequestSerialization.m in Sources */ = {isa = PBXBuildFile; fileRef = ACD60A2E1B48C567006B4FE0 /* AFURLRequestSerialization.m */; };
		ACD60A4C1B48C568006B4FE0 /* AFURLResponseSerialization.m in Sources */ = {isa = PBXBuildFile; fileRef = ACD60A301B48C567006B4FE0 /* AFURLResponseSerialization.m */; };
		ACD60A4D1B48C568006B4FE0 /* AFURLSessionManager.m in Sources */ = {isa = PBXBuildFile; fileRef = ACD60A321B48C567006B4FE0 /* AFURLSessionManager.m */; };
		ACD60A4E1B48C568006B4FE0 /* AFNetworkActivityIndicatorManager.m in Sources */ = {isa = PBXBuildFile; fileRef = ACD60A351B48C567006B4FE0 /* AFNetworkActivityIndicatorManager.m */; };
		ACD60A4F1B48C568006B4FE0 /* UIActivityIndicatorView+AFNetworking.m in Sources */ = {isa = PBXBuildFile; fileRef = ACD60A371B48C567006B4FE0 /* UIActivityIndicatorView+AFNetworking.m */; };
		ACD60A501B48C568006B4FE0 /* UIAlertView+AFNetworking.m in Sources */ = {isa = PBXBuildFile; fileRef = ACD60A391B48C567006B4FE0 /* UIAlertView+AFNetworking.m */; };
		ACD60A511B48C568006B4FE0 /* UIButton+AFNetworking.m in Sources */ = {isa = PBXBuildFile; fileRef = ACD60A3B1B48C567006B4FE0 /* UIButton+AFNetworking.m */; };
		ACD60A521B48C568006B4FE0 /* UIImageView+AFNetworking.m in Sources */ = {isa = PBXBuildFile; fileRef = ACD60A3D1B48C567006B4FE0 /* UIImageView+AFNetworking.m */; };
		ACD60A531B48C568006B4FE0 /* UIProgressView+AFNetworking.m in Sources */ = {isa = PBXBuildFile; fileRef = ACD60A401B48C567006B4FE0 /* UIProgressView+AFNetworking.m */; };
		ACD60A541B48C568006B4FE0 /* UIRefreshControl+AFNetworking.m in Sources */ = {isa = PBXBuildFile; fileRef = ACD60A421B48C567006B4FE0 /* UIRefreshControl+AFNetworking.m */; };
		ACD60A551B48C568006B4FE0 /* UIWebView+AFNetworking.m in Sources */ = {isa = PBXBuildFile; fileRef = ACD60A441B48C567006B4FE0 /* UIWebView+AFNetworking.m */; };
		ACD60A591B48C7E5006B4FE0 /* ACMainViewContoller.m in Sources */ = {isa = PBXBuildFile; fileRef = ACD60A581B48C7E5006B4FE0 /* ACMainViewContoller.m */; };
		ACFE82951B48E13E0042F7D1 /* ACCoreDataManager.m in Sources */ = {isa = PBXBuildFile; fileRef = ACFE82941B48E13E0042F7D1 /* ACCoreDataManager.m */; };
		ACFE82981B48E2BE0042F7D1 /* ACServerManager.m in Sources */ = {isa = PBXBuildFile; fileRef = ACFE82971B48E2BE0042F7D1 /* ACServerManager.m */; };
		ACFE829B1B48E4890042F7D1 /* WalksEntity.m in Sources */ = {isa = PBXBuildFile; fileRef = ACFE829A1B48E4890042F7D1 /* WalksEntity.m */; };
		ACFE829E1B48E52F0042F7D1 /* ACWalk.m in Sources */ = {isa = PBXBuildFile; fileRef = ACFE829D1B48E52F0042F7D1 /* ACWalk.m */; };
/* End PBXBuildFile section */

/* Begin PBXContainerItemProxy section */
		ACD60A0F1B48C11E006B4FE0 /* PBXContainerItemProxy */ = {
			isa = PBXContainerItemProxy;
			containerPortal = ACD609EA1B48C11E006B4FE0 /* Project object */;
			proxyType = 1;
			remoteGlobalIDString = ACD609F11B48C11E006B4FE0;
			remoteInfo = IFootPathApp;
		};
/* End PBXContainerItemProxy section */

/* Begin PBXFileReference section */
		AC37F4A51B49BDB200853407 /* ACWalksPreviewCell.h */ = {isa = PBXFileReference; fileEncoding = 4; lastKnownFileType = sourcecode.c.h; path = ACWalksPreviewCell.h; sourceTree = "<group>"; };
		AC37F4A61B49BDB200853407 /* ACWalksPreviewCell.m */ = {isa = PBXFileReference; fileEncoding = 4; lastKnownFileType = sourcecode.c.objc; path = ACWalksPreviewCell.m; sourceTree = "<group>"; };
		AC37F4A81B49EECC00853407 /* ACDetailsViewController.h */ = {isa = PBXFileReference; fileEncoding = 4; lastKnownFileType = sourcecode.c.h; path = ACDetailsViewController.h; sourceTree = "<group>"; };
		AC37F4A91B49EECC00853407 /* ACDetailsViewController.m */ = {isa = PBXFileReference; fileEncoding = 4; lastKnownFileType = sourcecode.c.objc; path = ACDetailsViewController.m; sourceTree = "<group>"; };
		ACD609F21B48C11E006B4FE0 /* iFootPathApp.temp_caseinsensitive_rename.app */ = {isa = PBXFileReference; explicitFileType = wrapper.application; includeInIndex = 0; path = iFootPathApp.temp_caseinsensitive_rename.app; sourceTree = BUILT_PRODUCTS_DIR; };
		ACD609F61B48C11E006B4FE0 /* Info.plist */ = {isa = PBXFileReference; lastKnownFileType = text.plist.xml; path = Info.plist; sourceTree = "<group>"; };
		ACD609F71B48C11E006B4FE0 /* main.m */ = {isa = PBXFileReference; lastKnownFileType = sourcecode.c.objc; path = main.m; sourceTree = "<group>"; };
		ACD609F91B48C11E006B4FE0 /* AppDelegate.h */ = {isa = PBXFileReference; lastKnownFileType = sourcecode.c.h; path = AppDelegate.h; sourceTree = "<group>"; };
		ACD609FA1B48C11E006B4FE0 /* AppDelegate.m */ = {isa = PBXFileReference; lastKnownFileType = sourcecode.c.objc; path = AppDelegate.m; sourceTree = "<group>"; };
		ACD609FD1B48C11E006B4FE0 /* IFootPathApp.xcdatamodel */ = {isa = PBXFileReference; lastKnownFileType = wrapper.xcdatamodel; path = IFootPathApp.xcdatamodel; sourceTree = "<group>"; };
		ACD60A031B48C11E006B4FE0 /* Base */ = {isa = PBXFileReference; lastKnownFileType = file.storyboard; name = Base; path = Base.lproj/Main.storyboard; sourceTree = "<group>"; };
		ACD60A051B48C11E006B4FE0 /* Images.xcassets */ = {isa = PBXFileReference; lastKnownFileType = folder.assetcatalog; path = Images.xcassets; sourceTree = "<group>"; };
		ACD60A081B48C11E006B4FE0 /* Base */ = {isa = PBXFileReference; lastKnownFileType = file.xib; name = Base; path = Base.lproj/LaunchScreen.xib; sourceTree = "<group>"; };
		ACD60A0E1B48C11E006B4FE0 /* iFootPathApp.temp_caseinsensitive_renameTests.xctest */ = {isa = PBXFileReference; explicitFileType = wrapper.cfbundle; includeInIndex = 0; path = iFootPathApp.temp_caseinsensitive_renameTests.xctest; sourceTree = BUILT_PRODUCTS_DIR; };
		ACD60A131B48C11E006B4FE0 /* Info.plist */ = {isa = PBXFileReference; lastKnownFileType = text.plist.xml; path = Info.plist; sourceTree = "<group>"; };
		ACD60A141B48C11E006B4FE0 /* IFootPathAppTests.m */ = {isa = PBXFileReference; lastKnownFileType = sourcecode.c.objc; path = IFootPathAppTests.m; sourceTree = "<group>"; };
		ACD60A201B48C567006B4FE0 /* AFHTTPRequestOperation.h */ = {isa = PBXFileReference; fileEncoding = 4; lastKnownFileType = sourcecode.c.h; path = AFHTTPRequestOperation.h; sourceTree = "<group>"; };
		ACD60A211B48C567006B4FE0 /* AFHTTPRequestOperation.m */ = {isa = PBXFileReference; fileEncoding = 4; lastKnownFileType = sourcecode.c.objc; path = AFHTTPRequestOperation.m; sourceTree = "<group>"; };
		ACD60A221B48C567006B4FE0 /* AFHTTPRequestOperationManager.h */ = {isa = PBXFileReference; fileEncoding = 4; lastKnownFileType = sourcecode.c.h; path = AFHTTPRequestOperationManager.h; sourceTree = "<group>"; };
		ACD60A231B48C567006B4FE0 /* AFHTTPRequestOperationManager.m */ = {isa = PBXFileReference; fileEncoding = 4; lastKnownFileType = sourcecode.c.objc; path = AFHTTPRequestOperationManager.m; sourceTree = "<group>"; };
		ACD60A241B48C567006B4FE0 /* AFHTTPSessionManager.h */ = {isa = PBXFileReference; fileEncoding = 4; lastKnownFileType = sourcecode.c.h; path = AFHTTPSessionManager.h; sourceTree = "<group>"; };
		ACD60A251B48C567006B4FE0 /* AFHTTPSessionManager.m */ = {isa = PBXFileReference; fileEncoding = 4; lastKnownFileType = sourcecode.c.objc; path = AFHTTPSessionManager.m; sourceTree = "<group>"; };
		ACD60A261B48C567006B4FE0 /* AFNetworking.h */ = {isa = PBXFileReference; fileEncoding = 4; lastKnownFileType = sourcecode.c.h; path = AFNetworking.h; sourceTree = "<group>"; };
		ACD60A271B48C567006B4FE0 /* AFNetworkReachabilityManager.h */ = {isa = PBXFileReference; fileEncoding = 4; lastKnownFileType = sourcecode.c.h; path = AFNetworkReachabilityManager.h; sourceTree = "<group>"; };
		ACD60A281B48C567006B4FE0 /* AFNetworkReachabilityManager.m */ = {isa = PBXFileReference; fileEncoding = 4; lastKnownFileType = sourcecode.c.objc; path = AFNetworkReachabilityManager.m; sourceTree = "<group>"; };
		ACD60A291B48C567006B4FE0 /* AFSecurityPolicy.h */ = {isa = PBXFileReference; fileEncoding = 4; lastKnownFileType = sourcecode.c.h; path = AFSecurityPolicy.h; sourceTree = "<group>"; };
		ACD60A2A1B48C567006B4FE0 /* AFSecurityPolicy.m */ = {isa = PBXFileReference; fileEncoding = 4; lastKnownFileType = sourcecode.c.objc; path = AFSecurityPolicy.m; sourceTree = "<group>"; };
		ACD60A2B1B48C567006B4FE0 /* AFURLConnectionOperation.h */ = {isa = PBXFileReference; fileEncoding = 4; lastKnownFileType = sourcecode.c.h; path = AFURLConnectionOperation.h; sourceTree = "<group>"; };
		ACD60A2C1B48C567006B4FE0 /* AFURLConnectionOperation.m */ = {isa = PBXFileReference; fileEncoding = 4; lastKnownFileType = sourcecode.c.objc; path = AFURLConnectionOperation.m; sourceTree = "<group>"; };
		ACD60A2D1B48C567006B4FE0 /* AFURLRequestSerialization.h */ = {isa = PBXFileReference; fileEncoding = 4; lastKnownFileType = sourcecode.c.h; path = AFURLRequestSerialization.h; sourceTree = "<group>"; };
		ACD60A2E1B48C567006B4FE0 /* AFURLRequestSerialization.m */ = {isa = PBXFileReference; fileEncoding = 4; lastKnownFileType = sourcecode.c.objc; path = AFURLRequestSerialization.m; sourceTree = "<group>"; };
		ACD60A2F1B48C567006B4FE0 /* AFURLResponseSerialization.h */ = {isa = PBXFileReference; fileEncoding = 4; lastKnownFileType = sourcecode.c.h; path = AFURLResponseSerialization.h; sourceTree = "<group>"; };
		ACD60A301B48C567006B4FE0 /* AFURLResponseSerialization.m */ = {isa = PBXFileReference; fileEncoding = 4; lastKnownFileType = sourcecode.c.objc; path = AFURLResponseSerialization.m; sourceTree = "<group>"; };
		ACD60A311B48C567006B4FE0 /* AFURLSessionManager.h */ = {isa = PBXFileReference; fileEncoding = 4; lastKnownFileType = sourcecode.c.h; path = AFURLSessionManager.h; sourceTree = "<group>"; };
		ACD60A321B48C567006B4FE0 /* AFURLSessionManager.m */ = {isa = PBXFileReference; fileEncoding = 4; lastKnownFileType = sourcecode.c.objc; path = AFURLSessionManager.m; sourceTree = "<group>"; };
		ACD60A341B48C567006B4FE0 /* AFNetworkActivityIndicatorManager.h */ = {isa = PBXFileReference; fileEncoding = 4; lastKnownFileType = sourcecode.c.h; path = AFNetworkActivityIndicatorManager.h; sourceTree = "<group>"; };
		ACD60A351B48C567006B4FE0 /* AFNetworkActivityIndicatorManager.m */ = {isa = PBXFileReference; fileEncoding = 4; lastKnownFileType = sourcecode.c.objc; path = AFNetworkActivityIndicatorManager.m; sourceTree = "<group>"; };
		ACD60A361B48C567006B4FE0 /* UIActivityIndicatorView+AFNetworking.h */ = {isa = PBXFileReference; fileEncoding = 4; lastKnownFileType = sourcecode.c.h; path = "UIActivityIndicatorView+AFNetworking.h"; sourceTree = "<group>"; };
		ACD60A371B48C567006B4FE0 /* UIActivityIndicatorView+AFNetworking.m */ = {isa = PBXFileReference; fileEncoding = 4; lastKnownFileType = sourcecode.c.objc; path = "UIActivityIndicatorView+AFNetworking.m"; sourceTree = "<group>"; };
		ACD60A381B48C567006B4FE0 /* UIAlertView+AFNetworking.h */ = {isa = PBXFileReference; fileEncoding = 4; lastKnownFileType = sourcecode.c.h; path = "UIAlertView+AFNetworking.h"; sourceTree = "<group>"; };
		ACD60A391B48C567006B4FE0 /* UIAlertView+AFNetworking.m */ = {isa = PBXFileReference; fileEncoding = 4; lastKnownFileType = sourcecode.c.objc; path = "UIAlertView+AFNetworking.m"; sourceTree = "<group>"; };
		ACD60A3A1B48C567006B4FE0 /* UIButton+AFNetworking.h */ = {isa = PBXFileReference; fileEncoding = 4; lastKnownFileType = sourcecode.c.h; path = "UIButton+AFNetworking.h"; sourceTree = "<group>"; };
		ACD60A3B1B48C567006B4FE0 /* UIButton+AFNetworking.m */ = {isa = PBXFileReference; fileEncoding = 4; lastKnownFileType = sourcecode.c.objc; path = "UIButton+AFNetworking.m"; sourceTree = "<group>"; };
		ACD60A3C1B48C567006B4FE0 /* UIImageView+AFNetworking.h */ = {isa = PBXFileReference; fileEncoding = 4; lastKnownFileType = sourcecode.c.h; path = "UIImageView+AFNetworking.h"; sourceTree = "<group>"; };
		ACD60A3D1B48C567006B4FE0 /* UIImageView+AFNetworking.m */ = {isa = PBXFileReference; fileEncoding = 4; lastKnownFileType = sourcecode.c.objc; path = "UIImageView+AFNetworking.m"; sourceTree = "<group>"; };
		ACD60A3E1B48C567006B4FE0 /* UIKit+AFNetworking.h */ = {isa = PBXFileReference; fileEncoding = 4; lastKnownFileType = sourcecode.c.h; path = "UIKit+AFNetworking.h"; sourceTree = "<group>"; };
		ACD60A3F1B48C567006B4FE0 /* UIProgressView+AFNetworking.h */ = {isa = PBXFileReference; fileEncoding = 4; lastKnownFileType = sourcecode.c.h; path = "UIProgressView+AFNetworking.h"; sourceTree = "<group>"; };
		ACD60A401B48C567006B4FE0 /* UIProgressView+AFNetworking.m */ = {isa = PBXFileReference; fileEncoding = 4; lastKnownFileType = sourcecode.c.objc; path = "UIProgressView+AFNetworking.m"; sourceTree = "<group>"; };
		ACD60A411B48C567006B4FE0 /* UIRefreshControl+AFNetworking.h */ = {isa = PBXFileReference; fileEncoding = 4; lastKnownFileType = sourcecode.c.h; path = "UIRefreshControl+AFNetworking.h"; sourceTree = "<group>"; };
		ACD60A421B48C567006B4FE0 /* UIRefreshControl+AFNetworking.m */ = {isa = PBXFileReference; fileEncoding = 4; lastKnownFileType = sourcecode.c.objc; path = "UIRefreshControl+AFNetworking.m"; sourceTree = "<group>"; };
		ACD60A431B48C567006B4FE0 /* UIWebView+AFNetworking.h */ = {isa = PBXFileReference; fileEncoding = 4; lastKnownFileType = sourcecode.c.h; path = "UIWebView+AFNetworking.h"; sourceTree = "<group>"; };
		ACD60A441B48C567006B4FE0 /* UIWebView+AFNetworking.m */ = {isa = PBXFileReference; fileEncoding = 4; lastKnownFileType = sourcecode.c.objc; path = "UIWebView+AFNetworking.m"; sourceTree = "<group>"; };
		ACD60A571B48C7E5006B4FE0 /* ACMainViewContoller.h */ = {isa = PBXFileReference; fileEncoding = 4; lastKnownFileType = sourcecode.c.h; path = ACMainViewContoller.h; sourceTree = "<group>"; };
		ACD60A581B48C7E5006B4FE0 /* ACMainViewContoller.m */ = {isa = PBXFileReference; fileEncoding = 4; lastKnownFileType = sourcecode.c.objc; path = ACMainViewContoller.m; sourceTree = "<group>"; };
		ACFE82931B48E13E0042F7D1 /* ACCoreDataManager.h */ = {isa = PBXFileReference; fileEncoding = 4; lastKnownFileType = sourcecode.c.h; path = ACCoreDataManager.h; sourceTree = "<group>"; };
		ACFE82941B48E13E0042F7D1 /* ACCoreDataManager.m */ = {isa = PBXFileReference; fileEncoding = 4; lastKnownFileType = sourcecode.c.objc; path = ACCoreDataManager.m; sourceTree = "<group>"; };
		ACFE82961B48E2BE0042F7D1 /* ACServerManager.h */ = {isa = PBXFileReference; fileEncoding = 4; lastKnownFileType = sourcecode.c.h; path = ACServerManager.h; sourceTree = "<group>"; };
		ACFE82971B48E2BE0042F7D1 /* ACServerManager.m */ = {isa = PBXFileReference; fileEncoding = 4; lastKnownFileType = sourcecode.c.objc; path = ACServerManager.m; sourceTree = "<group>"; };
		ACFE82991B48E4890042F7D1 /* WalksEntity.h */ = {isa = PBXFileReference; fileEncoding = 4; lastKnownFileType = sourcecode.c.h; path = WalksEntity.h; sourceTree = "<group>"; };
		ACFE829A1B48E4890042F7D1 /* WalksEntity.m */ = {isa = PBXFileReference; fileEncoding = 4; lastKnownFileType = sourcecode.c.objc; path = WalksEntity.m; sourceTree = "<group>"; };
		ACFE829C1B48E52F0042F7D1 /* ACWalk.h */ = {isa = PBXFileReference; fileEncoding = 4; lastKnownFileType = sourcecode.c.h; path = ACWalk.h; sourceTree = "<group>"; };
		ACFE829D1B48E52F0042F7D1 /* ACWalk.m */ = {isa = PBXFileReference; fileEncoding = 4; lastKnownFileType = sourcecode.c.objc; path = ACWalk.m; sourceTree = "<group>"; };
/* End PBXFileReference section */

/* Begin PBXFrameworksBuildPhase section */
		ACD609EF1B48C11E006B4FE0 /* Frameworks */ = {
			isa = PBXFrameworksBuildPhase;
			buildActionMask = 2147483647;
			files = (
			);
			runOnlyForDeploymentPostprocessing = 0;
		};
		ACD60A0B1B48C11E006B4FE0 /* Frameworks */ = {
			isa = PBXFrameworksBuildPhase;
			buildActionMask = 2147483647;
			files = (
			);
			runOnlyForDeploymentPostprocessing = 0;
		};
/* End PBXFrameworksBuildPhase section */

/* Begin PBXGroup section */
		AC37F49F1B499FC100853407 /* View */ = {
			isa = PBXGroup;
			children = (
				AC37F4A11B49BD0000853407 /* Cells */,
				ACD60A051B48C11E006B4FE0 /* Images.xcassets */,
				ACD60A071B48C11E006B4FE0 /* LaunchScreen.xib */,
				ACD60A021B48C11E006B4FE0 /* Main.storyboard */,
			);
			name = View;
			sourceTree = "<group>";
		};
		AC37F4A01B49BA5E00853407 /* Entity */ = {
			isa = PBXGroup;
			children = (
				ACFE82991B48E4890042F7D1 /* WalksEntity.h */,
				ACFE829A1B48E4890042F7D1 /* WalksEntity.m */,
			);
			name = Entity;
			sourceTree = "<group>";
		};
		AC37F4A11B49BD0000853407 /* Cells */ = {
			isa = PBXGroup;
			children = (
				AC37F4A51B49BDB200853407 /* ACWalksPreviewCell.h */,
				AC37F4A61B49BDB200853407 /* ACWalksPreviewCell.m */,
			);
			name = Cells;
			sourceTree = "<group>";
		};
		ACD609E91B48C11E006B4FE0 = {
			isa = PBXGroup;
			children = (
				ACD609F41B48C11E006B4FE0 /* iFootPathApp */,
				ACD60A111B48C11E006B4FE0 /* iFootPathAppTests */,
				ACD609F31B48C11E006B4FE0 /* Products */,
			);
			sourceTree = "<group>";
		};
		ACD609F31B48C11E006B4FE0 /* Products */ = {
			isa = PBXGroup;
			children = (
				ACD609F21B48C11E006B4FE0 /* iFootPathApp.temp_caseinsensitive_rename.app */,
				ACD60A0E1B48C11E006B4FE0 /* iFootPathApp.temp_caseinsensitive_renameTests.xctest */,
			);
			name = Products;
			sourceTree = "<group>";
		};
		ACD609F41B48C11E006B4FE0 /* iFootPathApp */ = {
			isa = PBXGroup;
			children = (
				AC37F49F1B499FC100853407 /* View */,
				ACD60A5A1B48C82C006B4FE0 /* Model */,
				ACD60A561B48C7A3006B4FE0 /* Controllers */,
				ACD60A1E1B48C567006B4FE0 /* Libs */,
				ACD609F51B48C11E006B4FE0 /* Supporting Files */,
			);
			name = iFootPathApp;
			path = IFootPathApp;
			sourceTree = "<group>";
		};
		ACD609F51B48C11E006B4FE0 /* Supporting Files */ = {
			isa = PBXGroup;
			children = (
				ACD609F91B48C11E006B4FE0 /* AppDelegate.h */,
				ACD609FA1B48C11E006B4FE0 /* AppDelegate.m */,
				ACD609FC1B48C11E006B4FE0 /* IFootPathApp.xcdatamodeld */,
				ACD609F61B48C11E006B4FE0 /* Info.plist */,
				ACD609F71B48C11E006B4FE0 /* main.m */,
			);
			name = "Supporting Files";
			sourceTree = "<group>";
		};
		ACD60A111B48C11E006B4FE0 /* iFootPathAppTests */ = {
			isa = PBXGroup;
			children = (
				ACD60A141B48C11E006B4FE0 /* IFootPathAppTests.m */,
				ACD60A121B48C11E006B4FE0 /* Supporting Files */,
			);
			name = iFootPathAppTests;
			path = IFootPathAppTests;
			sourceTree = "<group>";
		};
		ACD60A121B48C11E006B4FE0 /* Supporting Files */ = {
			isa = PBXGroup;
			children = (
				ACD60A131B48C11E006B4FE0 /* Info.plist */,
			);
			name = "Supporting Files";
			sourceTree = "<group>";
		};
		ACD60A1E1B48C567006B4FE0 /* Libs */ = {
			isa = PBXGroup;
			children = (
				ACD60A1F1B48C567006B4FE0 /* AFNetworking */,
				ACD60A331B48C567006B4FE0 /* UIKit+AFNetworking */,
			);
			path = Libs;
			sourceTree = "<group>";
		};
		ACD60A1F1B48C567006B4FE0 /* AFNetworking */ = {
			isa = PBXGroup;
			children = (
				ACD60A201B48C567006B4FE0 /* AFHTTPRequestOperation.h */,
				ACD60A211B48C567006B4FE0 /* AFHTTPRequestOperation.m */,
				ACD60A221B48C567006B4FE0 /* AFHTTPRequestOperationManager.h */,
				ACD60A231B48C567006B4FE0 /* AFHTTPRequestOperationManager.m */,
				ACD60A241B48C567006B4FE0 /* AFHTTPSessionManager.h */,
				ACD60A251B48C567006B4FE0 /* AFHTTPSessionManager.m */,
				ACD60A261B48C567006B4FE0 /* AFNetworking.h */,
				ACD60A271B48C567006B4FE0 /* AFNetworkReachabilityManager.h */,
				ACD60A281B48C567006B4FE0 /* AFNetworkReachabilityManager.m */,
				ACD60A291B48C567006B4FE0 /* AFSecurityPolicy.h */,
				ACD60A2A1B48C567006B4FE0 /* AFSecurityPolicy.m */,
				ACD60A2B1B48C567006B4FE0 /* AFURLConnectionOperation.h */,
				ACD60A2C1B48C567006B4FE0 /* AFURLConnectionOperation.m */,
				ACD60A2D1B48C567006B4FE0 /* AFURLRequestSerialization.h */,
				ACD60A2E1B48C567006B4FE0 /* AFURLRequestSerialization.m */,
				ACD60A2F1B48C567006B4FE0 /* AFURLResponseSerialization.h */,
				ACD60A301B48C567006B4FE0 /* AFURLResponseSerialization.m */,
				ACD60A311B48C567006B4FE0 /* AFURLSessionManager.h */,
				ACD60A321B48C567006B4FE0 /* AFURLSessionManager.m */,
			);
			path = AFNetworking;
			sourceTree = "<group>";
		};
		ACD60A331B48C567006B4FE0 /* UIKit+AFNetworking */ = {
			isa = PBXGroup;
			children = (
				ACD60A341B48C567006B4FE0 /* AFNetworkActivityIndicatorManager.h */,
				ACD60A351B48C567006B4FE0 /* AFNetworkActivityIndicatorManager.m */,
				ACD60A361B48C567006B4FE0 /* UIActivityIndicatorView+AFNetworking.h */,
				ACD60A371B48C567006B4FE0 /* UIActivityIndicatorView+AFNetworking.m */,
				ACD60A381B48C567006B4FE0 /* UIAlertView+AFNetworking.h */,
				ACD60A391B48C567006B4FE0 /* UIAlertView+AFNetworking.m */,
				ACD60A3A1B48C567006B4FE0 /* UIButton+AFNetworking.h */,
				ACD60A3B1B48C567006B4FE0 /* UIButton+AFNetworking.m */,
				ACD60A3C1B48C567006B4FE0 /* UIImageView+AFNetworking.h */,
				ACD60A3D1B48C567006B4FE0 /* UIImageView+AFNetworking.m */,
				ACD60A3E1B48C567006B4FE0 /* UIKit+AFNetworking.h */,
				ACD60A3F1B48C567006B4FE0 /* UIProgressView+AFNetworking.h */,
				ACD60A401B48C567006B4FE0 /* UIProgressView+AFNetworking.m */,
				ACD60A411B48C567006B4FE0 /* UIRefreshControl+AFNetworking.h */,
				ACD60A421B48C567006B4FE0 /* UIRefreshControl+AFNetworking.m */,
				ACD60A431B48C567006B4FE0 /* UIWebView+AFNetworking.h */,
				ACD60A441B48C567006B4FE0 /* UIWebView+AFNetworking.m */,
			);
			path = "UIKit+AFNetworking";
			sourceTree = "<group>";
		};
		ACD60A561B48C7A3006B4FE0 /* Controllers */ = {
			isa = PBXGroup;
			children = (
				ACD60A571B48C7E5006B4FE0 /* ACMainViewContoller.h */,
				ACD60A581B48C7E5006B4FE0 /* ACMainViewContoller.m */,
				AC37F4A81B49EECC00853407 /* ACDetailsViewController.h */,
				AC37F4A91B49EECC00853407 /* ACDetailsViewController.m */,
			);
			name = Controllers;
			sourceTree = "<group>";
		};
		ACD60A5A1B48C82C006B4FE0 /* Model */ = {
			isa = PBXGroup;
			children = (
				AC37F4A01B49BA5E00853407 /* Entity */,
				ACFE82931B48E13E0042F7D1 /* ACCoreDataManager.h */,
				ACFE82941B48E13E0042F7D1 /* ACCoreDataManager.m */,
				ACFE82961B48E2BE0042F7D1 /* ACServerManager.h */,
				ACFE82971B48E2BE0042F7D1 /* ACServerManager.m */,
				ACFE829C1B48E52F0042F7D1 /* ACWalk.h */,
				ACFE829D1B48E52F0042F7D1 /* ACWalk.m */,
			);
			name = Model;
			sourceTree = "<group>";
		};
/* End PBXGroup section */

/* Begin PBXNativeTarget section */
		ACD609F11B48C11E006B4FE0 /* iFootPathApp.temp_caseinsensitive_rename */ = {
			isa = PBXNativeTarget;
			buildConfigurationList = ACD60A181B48C11E006B4FE0 /* Build configuration list for PBXNativeTarget "iFootPathApp.temp_caseinsensitive_rename" */;
			buildPhases = (
				ACD609EE1B48C11E006B4FE0 /* Sources */,
				ACD609EF1B48C11E006B4FE0 /* Frameworks */,
				ACD609F01B48C11E006B4FE0 /* Resources */,
			);
			buildRules = (
			);
			dependencies = (
			);
			name = iFootPathApp.temp_caseinsensitive_rename;
			productName = IFootPathApp;
			productReference = ACD609F21B48C11E006B4FE0 /* iFootPathApp.temp_caseinsensitive_rename.app */;
			productType = "com.apple.product-type.application";
		};
		ACD60A0D1B48C11E006B4FE0 /* iFootPathApp.temp_caseinsensitive_renameTests */ = {
			isa = PBXNativeTarget;
			buildConfigurationList = ACD60A1B1B48C11E006B4FE0 /* Build configuration list for PBXNativeTarget "iFootPathApp.temp_caseinsensitive_renameTests" */;
			buildPhases = (
				ACD60A0A1B48C11E006B4FE0 /* Sources */,
				ACD60A0B1B48C11E006B4FE0 /* Frameworks */,
				ACD60A0C1B48C11E006B4FE0 /* Resources */,
			);
			buildRules = (
			);
			dependencies = (
				ACD60A101B48C11E006B4FE0 /* PBXTargetDependency */,
			);
			name = iFootPathApp.temp_caseinsensitive_renameTests;
			productName = IFootPathAppTests;
			productReference = ACD60A0E1B48C11E006B4FE0 /* iFootPathApp.temp_caseinsensitive_renameTests.xctest */;
			productType = "com.apple.product-type.bundle.unit-test";
		};
/* End PBXNativeTarget section */

/* Begin PBXProject section */
		ACD609EA1B48C11E006B4FE0 /* Project object */ = {
			isa = PBXProject;
			attributes = {
				LastUpgradeCheck = 0620;
				TargetAttributes = {
					ACD609F11B48C11E006B4FE0 = {
						CreatedOnToolsVersion = 6.2;
					};
					ACD60A0D1B48C11E006B4FE0 = {
						CreatedOnToolsVersion = 6.2;
						TestTargetID = ACD609F11B48C11E006B4FE0;
					};
				};
			};
			buildConfigurationList = ACD609ED1B48C11E006B4FE0 /* Build configuration list for PBXProject "iFootPathApp" */;
			compatibilityVersion = "Xcode 3.2";
			developmentRegion = English;
			hasScannedForEncodings = 0;
			knownRegions = (
				en,
				Base,
			);
			mainGroup = ACD609E91B48C11E006B4FE0;
			productRefGroup = ACD609F31B48C11E006B4FE0 /* Products */;
			projectDirPath = "";
			projectRoot = "";
			targets = (
				ACD609F11B48C11E006B4FE0 /* iFootPathApp.temp_caseinsensitive_rename */,
				ACD60A0D1B48C11E006B4FE0 /* iFootPathApp.temp_caseinsensitive_renameTests */,
			);
		};
/* End PBXProject section */

/* Begin PBXResourcesBuildPhase section */
		ACD609F01B48C11E006B4FE0 /* Resources */ = {
			isa = PBXResourcesBuildPhase;
			buildActionMask = 2147483647;
			files = (
				ACD60A041B48C11E006B4FE0 /* Main.storyboard in Resources */,
				ACD60A091B48C11E006B4FE0 /* LaunchScreen.xib in Resources */,
				ACD60A061B48C11E006B4FE0 /* Images.xcassets in Resources */,
			);
			runOnlyForDeploymentPostprocessing = 0;
		};
		ACD60A0C1B48C11E006B4FE0 /* Resources */ = {
			isa = PBXResourcesBuildPhase;
			buildActionMask = 2147483647;
			files = (
			);
			runOnlyForDeploymentPostprocessing = 0;
		};
/* End PBXResourcesBuildPhase section */

/* Begin PBXSourcesBuildPhase section */
		ACD609EE1B48C11E006B4FE0 /* Sources */ = {
			isa = PBXSourcesBuildPhase;
			buildActionMask = 2147483647;
			files = (
				ACFE829E1B48E52F0042F7D1 /* ACWalk.m in Sources */,
				ACD60A531B48C568006B4FE0 /* UIProgressView+AFNetworking.m in Sources */,
				ACD60A511B48C568006B4FE0 /* UIButton+AFNetworking.m in Sources */,
				ACD60A541B48C568006B4FE0 /* UIRefreshControl+AFNetworking.m in Sources */,
				ACD60A501B48C568006B4FE0 /* UIAlertView+AFNetworking.m in Sources */,
				ACD609FB1B48C11E006B4FE0 /* AppDelegate.m in Sources */,
				ACD60A491B48C568006B4FE0 /* AFSecurityPolicy.m in Sources */,
				ACD609FE1B48C11E006B4FE0 /* IFootPathApp.xcdatamodeld in Sources */,
				ACD60A461B48C568006B4FE0 /* AFHTTPRequestOperationManager.m in Sources */,
				ACD60A4A1B48C568006B4FE0 /* AFURLConnectionOperation.m in Sources */,
				ACD60A521B48C568006B4FE0 /* UIImageView+AFNetworking.m in Sources */,
				ACFE82981B48E2BE0042F7D1 /* ACServerManager.m in Sources */,
				ACD60A591B48C7E5006B4FE0 /* ACMainViewContoller.m in Sources */,
				ACD60A451B48C567006B4FE0 /* AFHTTPRequestOperation.m in Sources */,
				ACD60A4F1B48C568006B4FE0 /* UIActivityIndicatorView+AFNetworking.m in Sources */,
				ACD60A4B1B48C568006B4FE0 /* AFURLRequestSerialization.m in Sources */,
				ACD60A471B48C568006B4FE0 /* AFHTTPSessionManager.m in Sources */,
				ACD60A481B48C568006B4FE0 /* AFNetworkReachabilityManager.m in Sources */,
				AC37F4AA1B49EECC00853407 /* ACDetailsViewController.m in Sources */,
				ACD60A4C1B48C568006B4FE0 /* AFURLResponseSerialization.m in Sources */,
				ACD60A551B48C568006B4FE0 /* UIWebView+AFNetworking.m in Sources */,
				ACFE82951B48E13E0042F7D1 /* ACCoreDataManager.m in Sources */,
				ACD60A4D1B48C568006B4FE0 /* AFURLSessionManager.m in Sources */,
				ACD60A4E1B48C568006B4FE0 /* AFNetworkActivityIndicatorManager.m in Sources */,
				ACD609F81B48C11E006B4FE0 /* main.m in Sources */,
				ACFE829B1B48E4890042F7D1 /* WalksEntity.m in Sources */,
				AC37F4A71B49BDB200853407 /* ACWalksPreviewCell.m in Sources */,
			);
			runOnlyForDeploymentPostprocessing = 0;
		};
		ACD60A0A1B48C11E006B4FE0 /* Sources */ = {
			isa = PBXSourcesBuildPhase;
			buildActionMask = 2147483647;
			files = (
				ACD60A151B48C11E006B4FE0 /* IFootPathAppTests.m in Sources */,
			);
			runOnlyForDeploymentPostprocessing = 0;
		};
/* End PBXSourcesBuildPhase section */

/* Begin PBXTargetDependency section */
		ACD60A101B48C11E006B4FE0 /* PBXTargetDependency */ = {
			isa = PBXTargetDependency;
			target = ACD609F11B48C11E006B4FE0 /* iFootPathApp.temp_caseinsensitive_rename */;
			targetProxy = ACD60A0F1B48C11E006B4FE0 /* PBXContainerItemProxy */;
		};
/* End PBXTargetDependency section */

/* Begin PBXVariantGroup section */
		ACD60A021B48C11E006B4FE0 /* Main.storyboard */ = {
			isa = PBXVariantGroup;
			children = (
				ACD60A031B48C11E006B4FE0 /* Base */,
			);
			name = Main.storyboard;
			sourceTree = "<group>";
		};
		ACD60A071B48C11E006B4FE0 /* LaunchScreen.xib */ = {
			isa = PBXVariantGroup;
			children = (
				ACD60A081B48C11E006B4FE0 /* Base */,
			);
			name = LaunchScreen.xib;
			sourceTree = "<group>";
		};
/* End PBXVariantGroup section */

/* Begin XCBuildConfiguration section */
		ACD60A161B48C11E006B4FE0 /* Debug */ = {
			isa = XCBuildConfiguration;
			buildSettings = {
				ALWAYS_SEARCH_USER_PATHS = NO;
				CLANG_CXX_LANGUAGE_STANDARD = "gnu++0x";
				CLANG_CXX_LIBRARY = "libc++";
				CLANG_ENABLE_MODULES = YES;
				CLANG_ENABLE_OBJC_ARC = YES;
				CLANG_WARN_BOOL_CONVERSION = YES;
				CLANG_WARN_CONSTANT_CONVERSION = YES;
				CLANG_WARN_DIRECT_OBJC_ISA_USAGE = YES_ERROR;
				CLANG_WARN_EMPTY_BODY = YES;
				CLANG_WARN_ENUM_CONVERSION = YES;
				CLANG_WARN_INT_CONVERSION = YES;
				CLANG_WARN_OBJC_ROOT_CLASS = YES_ERROR;
				CLANG_WARN_UNREACHABLE_CODE = YES;
				CLANG_WARN__DUPLICATE_METHOD_MATCH = YES;
				"CODE_SIGN_IDENTITY[sdk=iphoneos*]" = "iPhone Developer";
				COPY_PHASE_STRIP = NO;
				ENABLE_STRICT_OBJC_MSGSEND = YES;
				GCC_C_LANGUAGE_STANDARD = gnu99;
				GCC_DYNAMIC_NO_PIC = NO;
				GCC_OPTIMIZATION_LEVEL = 0;
				GCC_PREPROCESSOR_DEFINITIONS = (
					"DEBUG=1",
					"$(inherited)",
				);
				GCC_SYMBOLS_PRIVATE_EXTERN = NO;
				GCC_WARN_64_TO_32_BIT_CONVERSION = YES;
				GCC_WARN_ABOUT_RETURN_TYPE = YES_ERROR;
				GCC_WARN_UNDECLARED_SELECTOR = YES;
				GCC_WARN_UNINITIALIZED_AUTOS = YES_AGGRESSIVE;
				GCC_WARN_UNUSED_FUNCTION = YES;
				GCC_WARN_UNUSED_VARIABLE = YES;
				IPHONEOS_DEPLOYMENT_TARGET = 8.2;
				MTL_ENABLE_DEBUG_INFO = YES;
				ONLY_ACTIVE_ARCH = YES;
				SDKROOT = iphoneos;
				TARGETED_DEVICE_FAMILY = "1,2";
			};
			name = Debug;
		};
		ACD60A171B48C11E006B4FE0 /* Release */ = {
			isa = XCBuildConfiguration;
			buildSettings = {
				ALWAYS_SEARCH_USER_PATHS = NO;
				CLANG_CXX_LANGUAGE_STANDARD = "gnu++0x";
				CLANG_CXX_LIBRARY = "libc++";
				CLANG_ENABLE_MODULES = YES;
				CLANG_ENABLE_OBJC_ARC = YES;
				CLANG_WARN_BOOL_CONVERSION = YES;
				CLANG_WARN_CONSTANT_CONVERSION = YES;
				CLANG_WARN_DIRECT_OBJC_ISA_USAGE = YES_ERROR;
				CLANG_WARN_EMPTY_BODY = YES;
				CLANG_WARN_ENUM_CONVERSION = YES;
				CLANG_WARN_INT_CONVERSION = YES;
				CLANG_WARN_OBJC_ROOT_CLASS = YES_ERROR;
				CLANG_WARN_UNREACHABLE_CODE = YES;
				CLANG_WARN__DUPLICATE_METHOD_MATCH = YES;
				"CODE_SIGN_IDENTITY[sdk=iphoneos*]" = "iPhone Developer";
				COPY_PHASE_STRIP = NO;
				ENABLE_NS_ASSERTIONS = NO;
				ENABLE_STRICT_OBJC_MSGSEND = YES;
				GCC_C_LANGUAGE_STANDARD = gnu99;
				GCC_WARN_64_TO_32_BIT_CONVERSION = YES;
				GCC_WARN_ABOUT_RETURN_TYPE = YES_ERROR;
				GCC_WARN_UNDECLARED_SELECTOR = YES;
				GCC_WARN_UNINITIALIZED_AUTOS = YES_AGGRESSIVE;
				GCC_WARN_UNUSED_FUNCTION = YES;
				GCC_WARN_UNUSED_VARIABLE = YES;
				IPHONEOS_DEPLOYMENT_TARGET = 8.2;
				MTL_ENABLE_DEBUG_INFO = NO;
				SDKROOT = iphoneos;
				TARGETED_DEVICE_FAMILY = "1,2";
				VALIDATE_PRODUCT = YES;
			};
			name = Release;
		};
		ACD60A191B48C11E006B4FE0 /* Debug */ = {
			isa = XCBuildConfiguration;
			buildSettings = {
				ASSETCATALOG_COMPILER_APPICON_NAME = AppIcon;
				INFOPLIST_FILE = IFootPathApp/Info.plist;
				LD_RUNPATH_SEARCH_PATHS = "$(inherited) @executable_path/Frameworks";
				PRODUCT_NAME = iFootPathApp.temp_caseinsensitive_rename;
			};
			name = Debug;
		};
		ACD60A1A1B48C11E006B4FE0 /* Release */ = {
			isa = XCBuildConfiguration;
			buildSettings = {
				ASSETCATALOG_COMPILER_APPICON_NAME = AppIcon;
				INFOPLIST_FILE = IFootPathApp/Info.plist;
				LD_RUNPATH_SEARCH_PATHS = "$(inherited) @executable_path/Frameworks";
				PRODUCT_NAME = iFootPathApp.temp_caseinsensitive_rename;
			};
			name = Release;
		};
		ACD60A1C1B48C11E006B4FE0 /* Debug */ = {
			isa = XCBuildConfiguration;
			buildSettings = {
				BUNDLE_LOADER = "$(TEST_HOST)";
				FRAMEWORK_SEARCH_PATHS = (
					"$(SDKROOT)/Developer/Library/Frameworks",
					"$(inherited)",
				);
				GCC_PREPROCESSOR_DEFINITIONS = (
					"DEBUG=1",
					"$(inherited)",
				);
				INFOPLIST_FILE = IFootPathAppTests/Info.plist;
				LD_RUNPATH_SEARCH_PATHS = "$(inherited) @executable_path/Frameworks @loader_path/Frameworks";
				PRODUCT_NAME = iFootPathApp.temp_caseinsensitive_renameTests;
				TEST_HOST = "$(BUILT_PRODUCTS_DIR)/IFootPathApp.app/IFootPathApp";
			};
			name = Debug;
		};
		ACD60A1D1B48C11E006B4FE0 /* Release */ = {
			isa = XCBuildConfiguration;
			buildSettings = {
				BUNDLE_LOADER = "$(TEST_HOST)";
				FRAMEWORK_SEARCH_PATHS = (
					"$(SDKROOT)/Developer/Library/Frameworks",
					"$(inherited)",
				);
				INFOPLIST_FILE = IFootPathAppTests/Info.plist;
				LD_RUNPATH_SEARCH_PATHS = "$(inherited) @executable_path/Frameworks @loader_path/Frameworks";
				PRODUCT_NAME = iFootPathApp.temp_caseinsensitive_renameTests;
				TEST_HOST = "$(BUILT_PRODUCTS_DIR)/IFootPathApp.app/IFootPathApp";
			};
			name = Release;
		};
/* End XCBuildConfiguration section */

/* Begin XCConfigurationList section */
		ACD609ED1B48C11E006B4FE0 /* Build configuration list for PBXProject "iFootPathApp" */ = {
			isa = XCConfigurationList;
			buildConfigurations = (
				ACD60A161B48C11E006B4FE0 /* Debug */,
				ACD60A171B48C11E006B4FE0 /* Release */,
			);
			defaultConfigurationIsVisible = 0;
			defaultConfigurationName = Release;
		};
		ACD60A181B48C11E006B4FE0 /* Build configuration list for PBXNativeTarget "iFootPathApp.temp_caseinsensitive_rename" */ = {
			isa = XCConfigurationList;
			buildConfigurations = (
				ACD60A191B48C11E006B4FE0 /* Debug */,
				ACD60A1A1B48C11E006B4FE0 /* Release */,
			);
			defaultConfigurationIsVisible = 0;
			defaultConfigurationName = Release;
		};
		ACD60A1B1B48C11E006B4FE0 /* Build configuration list for PBXNativeTarget "iFootPathApp.temp_caseinsensitive_renameTests" */ = {
			isa = XCConfigurationList;
			buildConfigurations = (
				ACD60A1C1B48C11E006B4FE0 /* Debug */,
				ACD60A1D1B48C11E006B4FE0 /* Release */,
			);
			defaultConfigurationIsVisible = 0;
			defaultConfigurationName = Release;
		};
/* End XCConfigurationList section */

/* Begin XCVersionGroup section */
		ACD609FC1B48C11E006B4FE0 /* IFootPathApp.xcdatamodeld */ = {
			isa = XCVersionGroup;
			children = (
				ACD609FD1B48C11E006B4FE0 /* IFootPathApp.xcdatamodel */,
			);
			currentVersion = ACD609FD1B48C11E006B4FE0 /* IFootPathApp.xcdatamodel */;
			path = IFootPathApp.xcdatamodeld;
			sourceTree = "<group>";
			versionGroupType = wrapper.xcdatamodel;
		};
/* End XCVersionGroup section */
	};
	rootObject = ACD609EA1B48C11E006B4FE0 /* Project object */;
}
