// !$*UTF8*$!
{
	archiveVersion = 1;
	classes = {
	};
	objectVersion = 46;
	objects = {

/* Begin PBXBuildFile section */
		192C07EDCCE0DF778AC7A63B /* libPods.a in Frameworks */ = {isa = PBXBuildFile; fileRef = BFCFD6C484C7E9D597400B1A /* libPods.a */; };
		AC3211D81B56760E00F678ED /* Rating0.png in Resources */ = {isa = PBXBuildFile; fileRef = AC3211D21B56760E00F678ED /* Rating0.png */; };
		AC3211D91B56760E00F678ED /* Rating1.png in Resources */ = {isa = PBXBuildFile; fileRef = AC3211D31B56760E00F678ED /* Rating1.png */; };
		AC3211DA1B56760E00F678ED /* Rating2.png in Resources */ = {isa = PBXBuildFile; fileRef = AC3211D41B56760E00F678ED /* Rating2.png */; };
		AC3211DB1B56760E00F678ED /* Rating3.png in Resources */ = {isa = PBXBuildFile; fileRef = AC3211D51B56760E00F678ED /* Rating3.png */; };
		AC3211DC1B56760E00F678ED /* Rating4.png in Resources */ = {isa = PBXBuildFile; fileRef = AC3211D61B56760E00F678ED /* Rating4.png */; };
		AC3211DD1B56760E00F678ED /* Rating5.png in Resources */ = {isa = PBXBuildFile; fileRef = AC3211D71B56760E00F678ED /* Rating5.png */; };
		AC3211E41B56761300F678ED /* Difficulty1.png in Resources */ = {isa = PBXBuildFile; fileRef = AC3211DF1B56761300F678ED /* Difficulty1.png */; };
		AC3211E51B56761300F678ED /* Difficulty2.png in Resources */ = {isa = PBXBuildFile; fileRef = AC3211E01B56761300F678ED /* Difficulty2.png */; };
		AC3211E61B56761300F678ED /* Difficulty3.png in Resources */ = {isa = PBXBuildFile; fileRef = AC3211E11B56761300F678ED /* Difficulty3.png */; };
		AC3211E71B56761300F678ED /* Difficulty4.png in Resources */ = {isa = PBXBuildFile; fileRef = AC3211E21B56761300F678ED /* Difficulty4.png */; };
		AC3211E81B56761300F678ED /* Difficulty5.png in Resources */ = {isa = PBXBuildFile; fileRef = AC3211E31B56761300F678ED /* Difficulty5.png */; };
		AC3211EA1B56770A00F678ED /* No_Image.png in Resources */ = {isa = PBXBuildFile; fileRef = AC3211E91B56770A00F678ED /* No_Image.png */; };
		AC3626D91B791587000C1B66 /* ACDataManager.m in Sources */ = {isa = PBXBuildFile; fileRef = AC3626D81B791587000C1B66 /* ACDataManager.m */; };
		AC37F4A71B49BDB200853407 /* ACWalksPreviewCell.m in Sources */ = {isa = PBXBuildFile; fileRef = AC37F4A61B49BDB200853407 /* ACWalksPreviewCell.m */; };
		AC37F4AA1B49EECC00853407 /* ACDetailsViewController.m in Sources */ = {isa = PBXBuildFile; fileRef = AC37F4A91B49EECC00853407 /* ACDetailsViewController.m */; };
		AC37F4AD1B49F90900853407 /* ACWalkDetailsCell.m in Sources */ = {isa = PBXBuildFile; fileRef = AC37F4AC1B49F90900853407 /* ACWalkDetailsCell.m */; };
		AC43DC601B4F351D003436EF /* navbar_bg.png in Resources */ = {isa = PBXBuildFile; fileRef = AC43DC5F1B4F351D003436EF /* navbar_bg.png */; };
		AC43DC621B4F3C41003436EF /* button_back.png in Resources */ = {isa = PBXBuildFile; fileRef = AC43DC611B4F3C41003436EF /* button_back.png */; };
		AC68335F1B795F7300D5395F /* walks.plist in Resources */ = {isa = PBXBuildFile; fileRef = AC68335E1B795F7300D5395F /* walks.plist */; };
		AC6993581B4B24530072DC4F /* ACDescriptionCell.m in Sources */ = {isa = PBXBuildFile; fileRef = AC6993571B4B24530072DC4F /* ACDescriptionCell.m */; };
		AC69935B1B4B8A840072DC4F /* ACDetailsEditCell.m in Sources */ = {isa = PBXBuildFile; fileRef = AC69935A1B4B8A840072DC4F /* ACDetailsEditCell.m */; };
		AC77E12D1B53EE9100ED1320 /* ACFullScreenImageController.m in Sources */ = {isa = PBXBuildFile; fileRef = AC77E12C1B53EE9100ED1320 /* ACFullScreenImageController.m */; };
		ACD609F81B48C11E006B4FE0 /* main.m in Sources */ = {isa = PBXBuildFile; fileRef = ACD609F71B48C11E006B4FE0 /* main.m */; };
		ACD609FB1B48C11E006B4FE0 /* AppDelegate.m in Sources */ = {isa = PBXBuildFile; fileRef = ACD609FA1B48C11E006B4FE0 /* AppDelegate.m */; };
		ACD609FE1B48C11E006B4FE0 /* IFootPathApp.xcdatamodeld in Sources */ = {isa = PBXBuildFile; fileRef = ACD609FC1B48C11E006B4FE0 /* IFootPathApp.xcdatamodeld */; };
		ACD60A041B48C11E006B4FE0 /* Main.storyboard in Resources */ = {isa = PBXBuildFile; fileRef = ACD60A021B48C11E006B4FE0 /* Main.storyboard */; };
		ACD60A061B48C11E006B4FE0 /* Images.xcassets in Resources */ = {isa = PBXBuildFile; fileRef = ACD60A051B48C11E006B4FE0 /* Images.xcassets */; };
		ACD60A091B48C11E006B4FE0 /* LaunchScreen.xib in Resources */ = {isa = PBXBuildFile; fileRef = ACD60A071B48C11E006B4FE0 /* LaunchScreen.xib */; };
		ACD60A591B48C7E5006B4FE0 /* ACMainViewContoller.m in Sources */ = {isa = PBXBuildFile; fileRef = ACD60A581B48C7E5006B4FE0 /* ACMainViewContoller.m */; };
		ACFE82981B48E2BE0042F7D1 /* ACServerManager.m in Sources */ = {isa = PBXBuildFile; fileRef = ACFE82971B48E2BE0042F7D1 /* ACServerManager.m */; };
		ACFE829E1B48E52F0042F7D1 /* ACWalk.m in Sources */ = {isa = PBXBuildFile; fileRef = ACFE829D1B48E52F0042F7D1 /* ACWalk.m */; };
/* End PBXBuildFile section */

/* Begin PBXFileReference section */
		7E00D604318F945CD336B188 /* Pods.release.xcconfig */ = {isa = PBXFileReference; includeInIndex = 1; lastKnownFileType = text.xcconfig; name = Pods.release.xcconfig; path = "Pods/Target Support Files/Pods/Pods.release.xcconfig"; sourceTree = "<group>"; };
		9C9807B0773D8C9486389726 /* Pods.debug.xcconfig */ = {isa = PBXFileReference; includeInIndex = 1; lastKnownFileType = text.xcconfig; name = Pods.debug.xcconfig; path = "Pods/Target Support Files/Pods/Pods.debug.xcconfig"; sourceTree = "<group>"; };
		AC3211D21B56760E00F678ED /* Rating0.png */ = {isa = PBXFileReference; lastKnownFileType = image.png; path = Rating0.png; sourceTree = "<group>"; };
		AC3211D31B56760E00F678ED /* Rating1.png */ = {isa = PBXFileReference; lastKnownFileType = image.png; path = Rating1.png; sourceTree = "<group>"; };
		AC3211D41B56760E00F678ED /* Rating2.png */ = {isa = PBXFileReference; lastKnownFileType = image.png; path = Rating2.png; sourceTree = "<group>"; };
		AC3211D51B56760E00F678ED /* Rating3.png */ = {isa = PBXFileReference; lastKnownFileType = image.png; path = Rating3.png; sourceTree = "<group>"; };
		AC3211D61B56760E00F678ED /* Rating4.png */ = {isa = PBXFileReference; lastKnownFileType = image.png; path = Rating4.png; sourceTree = "<group>"; };
		AC3211D71B56760E00F678ED /* Rating5.png */ = {isa = PBXFileReference; lastKnownFileType = image.png; path = Rating5.png; sourceTree = "<group>"; };
		AC3211DF1B56761300F678ED /* Difficulty1.png */ = {isa = PBXFileReference; lastKnownFileType = image.png; path = Difficulty1.png; sourceTree = "<group>"; };
		AC3211E01B56761300F678ED /* Difficulty2.png */ = {isa = PBXFileReference; lastKnownFileType = image.png; path = Difficulty2.png; sourceTree = "<group>"; };
		AC3211E11B56761300F678ED /* Difficulty3.png */ = {isa = PBXFileReference; lastKnownFileType = image.png; path = Difficulty3.png; sourceTree = "<group>"; };
		AC3211E21B56761300F678ED /* Difficulty4.png */ = {isa = PBXFileReference; lastKnownFileType = image.png; path = Difficulty4.png; sourceTree = "<group>"; };
		AC3211E31B56761300F678ED /* Difficulty5.png */ = {isa = PBXFileReference; lastKnownFileType = image.png; path = Difficulty5.png; sourceTree = "<group>"; };
		AC3211E91B56770A00F678ED /* No_Image.png */ = {isa = PBXFileReference; lastKnownFileType = image.png; name = No_Image.png; path = Images/No_Image.png; sourceTree = "<group>"; };
		AC3626D71B791587000C1B66 /* ACDataManager.h */ = {isa = PBXFileReference; fileEncoding = 4; lastKnownFileType = sourcecode.c.h; path = ACDataManager.h; sourceTree = "<group>"; };
		AC3626D81B791587000C1B66 /* ACDataManager.m */ = {isa = PBXFileReference; fileEncoding = 4; lastKnownFileType = sourcecode.c.objc; path = ACDataManager.m; sourceTree = "<group>"; };
		AC37F4A51B49BDB200853407 /* ACWalksPreviewCell.h */ = {isa = PBXFileReference; fileEncoding = 4; lastKnownFileType = sourcecode.c.h; path = ACWalksPreviewCell.h; sourceTree = "<group>"; };
		AC37F4A61B49BDB200853407 /* ACWalksPreviewCell.m */ = {isa = PBXFileReference; fileEncoding = 4; lastKnownFileType = sourcecode.c.objc; path = ACWalksPreviewCell.m; sourceTree = "<group>"; };
		AC37F4A81B49EECC00853407 /* ACDetailsViewController.h */ = {isa = PBXFileReference; fileEncoding = 4; lastKnownFileType = sourcecode.c.h; path = ACDetailsViewController.h; sourceTree = "<group>"; };
		AC37F4A91B49EECC00853407 /* ACDetailsViewController.m */ = {isa = PBXFileReference; fileEncoding = 4; lastKnownFileType = sourcecode.c.objc; path = ACDetailsViewController.m; sourceTree = "<group>"; };
		AC37F4AB1B49F90900853407 /* ACWalkDetailsCell.h */ = {isa = PBXFileReference; fileEncoding = 4; lastKnownFileType = sourcecode.c.h; path = ACWalkDetailsCell.h; sourceTree = "<group>"; };
		AC37F4AC1B49F90900853407 /* ACWalkDetailsCell.m */ = {isa = PBXFileReference; fileEncoding = 4; lastKnownFileType = sourcecode.c.objc; path = ACWalkDetailsCell.m; sourceTree = "<group>"; };
		AC43DC5F1B4F351D003436EF /* navbar_bg.png */ = {isa = PBXFileReference; lastKnownFileType = image.png; name = navbar_bg.png; path = Images/navbar_bg.png; sourceTree = "<group>"; };
		AC43DC611B4F3C41003436EF /* button_back.png */ = {isa = PBXFileReference; lastKnownFileType = image.png; name = button_back.png; path = Images/button_back.png; sourceTree = "<group>"; };
		AC68335E1B795F7300D5395F /* walks.plist */ = {isa = PBXFileReference; fileEncoding = 4; lastKnownFileType = text.plist.xml; path = walks.plist; sourceTree = "<group>"; };
		AC6993561B4B24530072DC4F /* ACDescriptionCell.h */ = {isa = PBXFileReference; fileEncoding = 4; lastKnownFileType = sourcecode.c.h; path = ACDescriptionCell.h; sourceTree = "<group>"; };
		AC6993571B4B24530072DC4F /* ACDescriptionCell.m */ = {isa = PBXFileReference; fileEncoding = 4; lastKnownFileType = sourcecode.c.objc; path = ACDescriptionCell.m; sourceTree = "<group>"; };
		AC6993591B4B8A840072DC4F /* ACDetailsEditCell.h */ = {isa = PBXFileReference; fileEncoding = 4; lastKnownFileType = sourcecode.c.h; path = ACDetailsEditCell.h; sourceTree = "<group>"; };
		AC69935A1B4B8A840072DC4F /* ACDetailsEditCell.m */ = {isa = PBXFileReference; fileEncoding = 4; lastKnownFileType = sourcecode.c.objc; path = ACDetailsEditCell.m; sourceTree = "<group>"; };
		AC77E12B1B53EE9100ED1320 /* ACFullScreenImageController.h */ = {isa = PBXFileReference; fileEncoding = 4; lastKnownFileType = sourcecode.c.h; path = ACFullScreenImageController.h; sourceTree = "<group>"; };
		AC77E12C1B53EE9100ED1320 /* ACFullScreenImageController.m */ = {isa = PBXFileReference; fileEncoding = 4; lastKnownFileType = sourcecode.c.objc; path = ACFullScreenImageController.m; sourceTree = "<group>"; };
		ACD609F21B48C11E006B4FE0 /* iFootPathApp.app */ = {isa = PBXFileReference; explicitFileType = wrapper.application; includeInIndex = 0; path = iFootPathApp.app; sourceTree = BUILT_PRODUCTS_DIR; };
		ACD609F61B48C11E006B4FE0 /* Info.plist */ = {isa = PBXFileReference; lastKnownFileType = text.plist.xml; path = Info.plist; sourceTree = "<group>"; };
		ACD609F71B48C11E006B4FE0 /* main.m */ = {isa = PBXFileReference; lastKnownFileType = sourcecode.c.objc; path = main.m; sourceTree = "<group>"; };
		ACD609F91B48C11E006B4FE0 /* AppDelegate.h */ = {isa = PBXFileReference; lastKnownFileType = sourcecode.c.h; path = AppDelegate.h; sourceTree = "<group>"; };
		ACD609FA1B48C11E006B4FE0 /* AppDelegate.m */ = {isa = PBXFileReference; lastKnownFileType = sourcecode.c.objc; path = AppDelegate.m; sourceTree = "<group>"; };
		ACD609FD1B48C11E006B4FE0 /* IFootPathApp.xcdatamodel */ = {isa = PBXFileReference; lastKnownFileType = wrapper.xcdatamodel; path = IFootPathApp.xcdatamodel; sourceTree = "<group>"; };
		ACD60A031B48C11E006B4FE0 /* Base */ = {isa = PBXFileReference; lastKnownFileType = file.storyboard; name = Base; path = Base.lproj/Main.storyboard; sourceTree = "<group>"; };
		ACD60A051B48C11E006B4FE0 /* Images.xcassets */ = {isa = PBXFileReference; lastKnownFileType = folder.assetcatalog; path = Images.xcassets; sourceTree = "<group>"; };
		ACD60A081B48C11E006B4FE0 /* Base */ = {isa = PBXFileReference; lastKnownFileType = file.xib; name = Base; path = Base.lproj/LaunchScreen.xib; sourceTree = "<group>"; };
		ACD60A131B48C11E006B4FE0 /* Info.plist */ = {isa = PBXFileReference; lastKnownFileType = text.plist.xml; path = Info.plist; sourceTree = "<group>"; };
		ACD60A141B48C11E006B4FE0 /* IFootPathAppTests.m */ = {isa = PBXFileReference; lastKnownFileType = sourcecode.c.objc; path = IFootPathAppTests.m; sourceTree = "<group>"; };
		ACD60A571B48C7E5006B4FE0 /* ACMainViewContoller.h */ = {isa = PBXFileReference; fileEncoding = 4; lastKnownFileType = sourcecode.c.h; path = ACMainViewContoller.h; sourceTree = "<group>"; };
		ACD60A581B48C7E5006B4FE0 /* ACMainViewContoller.m */ = {isa = PBXFileReference; fileEncoding = 4; lastKnownFileType = sourcecode.c.objc; path = ACMainViewContoller.m; sourceTree = "<group>"; };
		ACFE82961B48E2BE0042F7D1 /* ACServerManager.h */ = {isa = PBXFileReference; fileEncoding = 4; lastKnownFileType = sourcecode.c.h; path = ACServerManager.h; sourceTree = "<group>"; };
		ACFE82971B48E2BE0042F7D1 /* ACServerManager.m */ = {isa = PBXFileReference; fileEncoding = 4; lastKnownFileType = sourcecode.c.objc; path = ACServerManager.m; sourceTree = "<group>"; };
		ACFE829C1B48E52F0042F7D1 /* ACWalk.h */ = {isa = PBXFileReference; fileEncoding = 4; lastKnownFileType = sourcecode.c.h; path = ACWalk.h; sourceTree = "<group>"; };
		ACFE829D1B48E52F0042F7D1 /* ACWalk.m */ = {isa = PBXFileReference; fileEncoding = 4; lastKnownFileType = sourcecode.c.objc; path = ACWalk.m; sourceTree = "<group>"; };
		BFCFD6C484C7E9D597400B1A /* libPods.a */ = {isa = PBXFileReference; explicitFileType = archive.ar; includeInIndex = 0; path = libPods.a; sourceTree = BUILT_PRODUCTS_DIR; };
/* End PBXFileReference section */

/* Begin PBXFrameworksBuildPhase section */
		ACD609EF1B48C11E006B4FE0 /* Frameworks */ = {
			isa = PBXFrameworksBuildPhase;
			buildActionMask = 2147483647;
			files = (
				192C07EDCCE0DF778AC7A63B /* libPods.a in Frameworks */,
			);
			runOnlyForDeploymentPostprocessing = 0;
		};
/* End PBXFrameworksBuildPhase section */

/* Begin PBXGroup section */
		35B4C82038435DDD7DEA15F0 /* Pods */ = {
			isa = PBXGroup;
			children = (
				9C9807B0773D8C9486389726 /* Pods.debug.xcconfig */,
				7E00D604318F945CD336B188 /* Pods.release.xcconfig */,
			);
			name = Pods;
			sourceTree = "<group>";
		};
		AC2593451B4E50E7007B68AB /* Images */ = {
			isa = PBXGroup;
			children = (
				AC3211DE1B56761300F678ED /* Difficulty */,
				AC3211D11B56760E00F678ED /* Rating */,
				AC43DC5F1B4F351D003436EF /* navbar_bg.png */,
				AC3211E91B56770A00F678ED /* No_Image.png */,
				AC43DC611B4F3C41003436EF /* button_back.png */,
			);
			name = Images;
			sourceTree = "<group>";
		};
		AC3211D11B56760E00F678ED /* Rating */ = {
			isa = PBXGroup;
			children = (
				AC3211D21B56760E00F678ED /* Rating0.png */,
				AC3211D31B56760E00F678ED /* Rating1.png */,
				AC3211D41B56760E00F678ED /* Rating2.png */,
				AC3211D51B56760E00F678ED /* Rating3.png */,
				AC3211D61B56760E00F678ED /* Rating4.png */,
				AC3211D71B56760E00F678ED /* Rating5.png */,
			);
			name = Rating;
			path = Images/Rating;
			sourceTree = "<group>";
		};
		AC3211DE1B56761300F678ED /* Difficulty */ = {
			isa = PBXGroup;
			children = (
				AC3211DF1B56761300F678ED /* Difficulty1.png */,
				AC3211E01B56761300F678ED /* Difficulty2.png */,
				AC3211E11B56761300F678ED /* Difficulty3.png */,
				AC3211E21B56761300F678ED /* Difficulty4.png */,
				AC3211E31B56761300F678ED /* Difficulty5.png */,
			);
			name = Difficulty;
			path = Images/Difficulty;
			sourceTree = "<group>";
		};
		AC37F49F1B499FC100853407 /* View */ = {
			isa = PBXGroup;
			children = (
				AC37F4A11B49BD0000853407 /* Cells */,
				ACD60A071B48C11E006B4FE0 /* LaunchScreen.xib */,
				ACD60A021B48C11E006B4FE0 /* Main.storyboard */,
			);
			name = View;
			sourceTree = "<group>";
		};
		AC37F4A11B49BD0000853407 /* Cells */ = {
			isa = PBXGroup;
			children = (
				AC37F4A51B49BDB200853407 /* ACWalksPreviewCell.h */,
				AC37F4A61B49BDB200853407 /* ACWalksPreviewCell.m */,
				AC37F4AB1B49F90900853407 /* ACWalkDetailsCell.h */,
				AC37F4AC1B49F90900853407 /* ACWalkDetailsCell.m */,
				AC6993561B4B24530072DC4F /* ACDescriptionCell.h */,
				AC6993571B4B24530072DC4F /* ACDescriptionCell.m */,
				AC6993591B4B8A840072DC4F /* ACDetailsEditCell.h */,
				AC69935A1B4B8A840072DC4F /* ACDetailsEditCell.m */,
			);
			name = Cells;
			sourceTree = "<group>";
		};
		ACD609E91B48C11E006B4FE0 = {
			isa = PBXGroup;
			children = (
				ACD609F41B48C11E006B4FE0 /* iFootPathApp */,
				ACD60A111B48C11E006B4FE0 /* iFootPathAppTests */,
				ACD609F31B48C11E006B4FE0 /* Products */,
				35B4C82038435DDD7DEA15F0 /* Pods */,
				F178650F86DC5DCF94ECA049 /* Frameworks */,
			);
			sourceTree = "<group>";
		};
		ACD609F31B48C11E006B4FE0 /* Products */ = {
			isa = PBXGroup;
			children = (
				ACD609F21B48C11E006B4FE0 /* iFootPathApp.app */,
			);
			name = Products;
			sourceTree = "<group>";
		};
		ACD609F41B48C11E006B4FE0 /* iFootPathApp */ = {
			isa = PBXGroup;
			children = (
				AC37F49F1B499FC100853407 /* View */,
				ACD60A5A1B48C82C006B4FE0 /* Model */,
				ACD60A561B48C7A3006B4FE0 /* Controllers */,
				ACD609F51B48C11E006B4FE0 /* Supporting Files */,
			);
			name = iFootPathApp;
			path = IFootPathApp;
			sourceTree = "<group>";
		};
		ACD609F51B48C11E006B4FE0 /* Supporting Files */ = {
			isa = PBXGroup;
			children = (
				ACD60A051B48C11E006B4FE0 /* Images.xcassets */,
				AC2593451B4E50E7007B68AB /* Images */,
				ACD609F91B48C11E006B4FE0 /* AppDelegate.h */,
				ACD609FA1B48C11E006B4FE0 /* AppDelegate.m */,
				ACD609FC1B48C11E006B4FE0 /* IFootPathApp.xcdatamodeld */,
				ACD609F61B48C11E006B4FE0 /* Info.plist */,
				ACD609F71B48C11E006B4FE0 /* main.m */,
				AC68335E1B795F7300D5395F /* walks.plist */,
			);
			name = "Supporting Files";
			sourceTree = "<group>";
		};
		ACD60A111B48C11E006B4FE0 /* iFootPathAppTests */ = {
			isa = PBXGroup;
			children = (
				ACD60A141B48C11E006B4FE0 /* IFootPathAppTests.m */,
				ACD60A121B48C11E006B4FE0 /* Supporting Files */,
			);
			name = iFootPathAppTests;
			path = IFootPathAppTests;
			sourceTree = "<group>";
		};
		ACD60A121B48C11E006B4FE0 /* Supporting Files */ = {
			isa = PBXGroup;
			children = (
				ACD60A131B48C11E006B4FE0 /* Info.plist */,
			);
			name = "Supporting Files";
			sourceTree = "<group>";
		};
		ACD60A561B48C7A3006B4FE0 /* Controllers */ = {
			isa = PBXGroup;
			children = (
				ACD60A571B48C7E5006B4FE0 /* ACMainViewContoller.h */,
				ACD60A581B48C7E5006B4FE0 /* ACMainViewContoller.m */,
				AC37F4A81B49EECC00853407 /* ACDetailsViewController.h */,
				AC37F4A91B49EECC00853407 /* ACDetailsViewController.m */,
				AC77E12B1B53EE9100ED1320 /* ACFullScreenImageController.h */,
				AC77E12C1B53EE9100ED1320 /* ACFullScreenImageController.m */,
			);
			name = Controllers;
			sourceTree = "<group>";
		};
		ACD60A5A1B48C82C006B4FE0 /* Model */ = {
			isa = PBXGroup;
			children = (
				ACFE829C1B48E52F0042F7D1 /* ACWalk.h */,
				ACFE829D1B48E52F0042F7D1 /* ACWalk.m */,
				ACFE82961B48E2BE0042F7D1 /* ACServerManager.h */,
				ACFE82971B48E2BE0042F7D1 /* ACServerManager.m */,
				AC3626D71B791587000C1B66 /* ACDataManager.h */,
				AC3626D81B791587000C1B66 /* ACDataManager.m */,
			);
			name = Model;
			sourceTree = "<group>";
		};
		F178650F86DC5DCF94ECA049 /* Frameworks */ = {
			isa = PBXGroup;
			children = (
				BFCFD6C484C7E9D597400B1A /* libPods.a */,
			);
			name = Frameworks;
			sourceTree = "<group>";
		};
/* End PBXGroup section */

/* Begin PBXNativeTarget section */
		ACD609F11B48C11E006B4FE0 /* iFootPathApp */ = {
			isa = PBXNativeTarget;
			buildConfigurationList = ACD60A181B48C11E006B4FE0 /* Build configuration list for PBXNativeTarget "iFootPathApp" */;
			buildPhases = (
				8A33905B26AD1A16E038F7C7 /* Check Pods Manifest.lock */,
				ACD609EE1B48C11E006B4FE0 /* Sources */,
				ACD609EF1B48C11E006B4FE0 /* Frameworks */,
				ACD609F01B48C11E006B4FE0 /* Resources */,
				BC4845A332890C893EF09D37 /* Copy Pods Resources */,
			);
			buildRules = (
			);
			dependencies = (
			);
			name = iFootPathApp;
			productName = IFootPathApp;
			productReference = ACD609F21B48C11E006B4FE0 /* iFootPathApp.app */;
			productType = "com.apple.product-type.application";
		};
/* End PBXNativeTarget section */

/* Begin PBXProject section */
		ACD609EA1B48C11E006B4FE0 /* Project object */ = {
			isa = PBXProject;
			attributes = {
				LastUpgradeCheck = 0620;
				TargetAttributes = {
					ACD609F11B48C11E006B4FE0 = {
						CreatedOnToolsVersion = 6.2;
					};
				};
			};
			buildConfigurationList = ACD609ED1B48C11E006B4FE0 /* Build configuration list for PBXProject "IFootPathApp" */;
			compatibilityVersion = "Xcode 3.2";
			developmentRegion = English;
			hasScannedForEncodings = 0;
			knownRegions = (
				en,
				Base,
			);
			mainGroup = ACD609E91B48C11E006B4FE0;
			productRefGroup = ACD609F31B48C11E006B4FE0 /* Products */;
			projectDirPath = "";
			projectRoot = "";
			targets = (
				ACD609F11B48C11E006B4FE0 /* iFootPathApp */,
			);
		};
/* End PBXProject section */

/* Begin PBXResourcesBuildPhase section */
		ACD609F01B48C11E006B4FE0 /* Resources */ = {
			isa = PBXResourcesBuildPhase;
			buildActionMask = 2147483647;
			files = (
				ACD60A041B48C11E006B4FE0 /* Main.storyboard in Resources */,
				AC3211E41B56761300F678ED /* Difficulty1.png in Resources */,
				AC3211DC1B56760E00F678ED /* Rating4.png in Resources */,
				AC3211E51B56761300F678ED /* Difficulty2.png in Resources */,
				AC3211DA1B56760E00F678ED /* Rating2.png in Resources */,
				ACD60A091B48C11E006B4FE0 /* LaunchScreen.xib in Resources */,
				AC3211DD1B56760E00F678ED /* Rating5.png in Resources */,
				AC68335F1B795F7300D5395F /* walks.plist in Resources */,
				AC3211DB1B56760E00F678ED /* Rating3.png in Resources */,
				AC3211E71B56761300F678ED /* Difficulty4.png in Resources */,
				AC3211E81B56761300F678ED /* Difficulty5.png in Resources */,
				AC43DC601B4F351D003436EF /* navbar_bg.png in Resources */,
				AC3211D91B56760E00F678ED /* Rating1.png in Resources */,
				AC3211D81B56760E00F678ED /* Rating0.png in Resources */,
				AC43DC621B4F3C41003436EF /* button_back.png in Resources */,
				ACD60A061B48C11E006B4FE0 /* Images.xcassets in Resources */,
				AC3211EA1B56770A00F678ED /* No_Image.png in Resources */,
				AC3211E61B56761300F678ED /* Difficulty3.png in Resources */,
			);
			runOnlyForDeploymentPostprocessing = 0;
		};
/* End PBXResourcesBuildPhase section */

/* Begin PBXShellScriptBuildPhase section */
		8A33905B26AD1A16E038F7C7 /* Check Pods Manifest.lock */ = {
			isa = PBXShellScriptBuildPhase;
			buildActionMask = 2147483647;
			files = (
			);
			inputPaths = (
			);
			name = "Check Pods Manifest.lock";
			outputPaths = (
			);
			runOnlyForDeploymentPostprocessing = 0;
			shellPath = /bin/sh;
			shellScript = "diff \"${PODS_ROOT}/../Podfile.lock\" \"${PODS_ROOT}/Manifest.lock\" > /dev/null\nif [[ $? != 0 ]] ; then\n    cat << EOM\nerror: The sandbox is not in sync with the Podfile.lock. Run 'pod install' or update your CocoaPods installation.\nEOM\n    exit 1\nfi\n";
			showEnvVarsInLog = 0;
		};
		BC4845A332890C893EF09D37 /* Copy Pods Resources */ = {
			isa = PBXShellScriptBuildPhase;
			buildActionMask = 2147483647;
			files = (
			);
			inputPaths = (
			);
			name = "Copy Pods Resources";
			outputPaths = (
			);
			runOnlyForDeploymentPostprocessing = 0;
			shellPath = /bin/sh;
			shellScript = "\"${SRCROOT}/Pods/Target Support Files/Pods/Pods-resources.sh\"\n";
			showEnvVarsInLog = 0;
		};
/* End PBXShellScriptBuildPhase section */

/* Begin PBXSourcesBuildPhase section */
		ACD609EE1B48C11E006B4FE0 /* Sources */ = {
			isa = PBXSourcesBuildPhase;
			buildActionMask = 2147483647;
			files = (
				ACFE829E1B48E52F0042F7D1 /* ACWalk.m in Sources */,
				AC77E12D1B53EE9100ED1320 /* ACFullScreenImageController.m in Sources */,
				ACD609FB1B48C11E006B4FE0 /* AppDelegate.m in Sources */,
				AC3626D91B791587000C1B66 /* ACDataManager.m in Sources */,
				ACD609FE1B48C11E006B4FE0 /* IFootPathApp.xcdatamodeld in Sources */,
				ACFE82981B48E2BE0042F7D1 /* ACServerManager.m in Sources */,
				ACD60A591B48C7E5006B4FE0 /* ACMainViewContoller.m in Sources */,
				AC37F4AD1B49F90900853407 /* ACWalkDetailsCell.m in Sources */,
				AC69935B1B4B8A840072DC4F /* ACDetailsEditCell.m in Sources */,
				AC37F4AA1B49EECC00853407 /* ACDetailsViewController.m in Sources */,
				ACD609F81B48C11E006B4FE0 /* main.m in Sources */,
				AC6993581B4B24530072DC4F /* ACDescriptionCell.m in Sources */,
				AC37F4A71B49BDB200853407 /* ACWalksPreviewCell.m in Sources */,
			);
			runOnlyForDeploymentPostprocessing = 0;
		};
/* End PBXSourcesBuildPhase section */

/* Begin PBXVariantGroup section */
		ACD60A021B48C11E006B4FE0 /* Main.storyboard */ = {
			isa = PBXVariantGroup;
			children = (
				ACD60A031B48C11E006B4FE0 /* Base */,
			);
			name = Main.storyboard;
			sourceTree = "<group>";
		};
		ACD60A071B48C11E006B4FE0 /* LaunchScreen.xib */ = {
			isa = PBXVariantGroup;
			children = (
				ACD60A081B48C11E006B4FE0 /* Base */,
			);
			name = LaunchScreen.xib;
			sourceTree = "<group>";
		};
/* End PBXVariantGroup section */

/* Begin XCBuildConfiguration section */
		ACD60A161B48C11E006B4FE0 /* Debug */ = {
			isa = XCBuildConfiguration;
			buildSettings = {
				ALWAYS_SEARCH_USER_PATHS = NO;
				CLANG_CXX_LANGUAGE_STANDARD = "gnu++0x";
				CLANG_CXX_LIBRARY = "libc++";
				CLANG_ENABLE_MODULES = YES;
				CLANG_ENABLE_OBJC_ARC = YES;
				CLANG_WARN_BOOL_CONVERSION = YES;
				CLANG_WARN_CONSTANT_CONVERSION = YES;
				CLANG_WARN_DIRECT_OBJC_ISA_USAGE = YES_ERROR;
				CLANG_WARN_EMPTY_BODY = YES;
				CLANG_WARN_ENUM_CONVERSION = YES;
				CLANG_WARN_INT_CONVERSION = YES;
				CLANG_WARN_OBJC_ROOT_CLASS = YES_ERROR;
				CLANG_WARN_UNREACHABLE_CODE = YES;
				CLANG_WARN__DUPLICATE_METHOD_MATCH = YES;
				"CODE_SIGN_IDENTITY[sdk=iphoneos*]" = "iPhone Developer";
				COPY_PHASE_STRIP = NO;
				ENABLE_STRICT_OBJC_MSGSEND = YES;
				GCC_C_LANGUAGE_STANDARD = gnu99;
				GCC_DYNAMIC_NO_PIC = NO;
				GCC_OPTIMIZATION_LEVEL = 0;
				GCC_PREPROCESSOR_DEFINITIONS = (
					"DEBUG=1",
					"$(inherited)",
				);
				GCC_SYMBOLS_PRIVATE_EXTERN = NO;
				GCC_WARN_64_TO_32_BIT_CONVERSION = YES;
				GCC_WARN_ABOUT_RETURN_TYPE = YES_ERROR;
				GCC_WARN_UNDECLARED_SELECTOR = YES;
				GCC_WARN_UNINITIALIZED_AUTOS = YES_AGGRESSIVE;
				GCC_WARN_UNUSED_FUNCTION = YES;
				GCC_WARN_UNUSED_VARIABLE = YES;
				IPHONEOS_DEPLOYMENT_TARGET = 8.2;
				MTL_ENABLE_DEBUG_INFO = YES;
				ONLY_ACTIVE_ARCH = YES;
				SDKROOT = iphoneos;
				TARGETED_DEVICE_FAMILY = "1,2";
			};
			name = Debug;
		};
		ACD60A171B48C11E006B4FE0 /* Release */ = {
			isa = XCBuildConfiguration;
			buildSettings = {
				ALWAYS_SEARCH_USER_PATHS = NO;
				CLANG_CXX_LANGUAGE_STANDARD = "gnu++0x";
				CLANG_CXX_LIBRARY = "libc++";
				CLANG_ENABLE_MODULES = YES;
				CLANG_ENABLE_OBJC_ARC = YES;
				CLANG_WARN_BOOL_CONVERSION = YES;
				CLANG_WARN_CONSTANT_CONVERSION = YES;
				CLANG_WARN_DIRECT_OBJC_ISA_USAGE = YES_ERROR;
				CLANG_WARN_EMPTY_BODY = YES;
				CLANG_WARN_ENUM_CONVERSION = YES;
				CLANG_WARN_INT_CONVERSION = YES;
				CLANG_WARN_OBJC_ROOT_CLASS = YES_ERROR;
				CLANG_WARN_UNREACHABLE_CODE = YES;
				CLANG_WARN__DUPLICATE_METHOD_MATCH = YES;
				"CODE_SIGN_IDENTITY[sdk=iphoneos*]" = "iPhone Developer";
				COPY_PHASE_STRIP = NO;
				ENABLE_NS_ASSERTIONS = NO;
				ENABLE_STRICT_OBJC_MSGSEND = YES;
				GCC_C_LANGUAGE_STANDARD = gnu99;
				GCC_WARN_64_TO_32_BIT_CONVERSION = YES;
				GCC_WARN_ABOUT_RETURN_TYPE = YES_ERROR;
				GCC_WARN_UNDECLARED_SELECTOR = YES;
				GCC_WARN_UNINITIALIZED_AUTOS = YES_AGGRESSIVE;
				GCC_WARN_UNUSED_FUNCTION = YES;
				GCC_WARN_UNUSED_VARIABLE = YES;
				IPHONEOS_DEPLOYMENT_TARGET = 8.2;
				MTL_ENABLE_DEBUG_INFO = NO;
				SDKROOT = iphoneos;
				TARGETED_DEVICE_FAMILY = "1,2";
				VALIDATE_PRODUCT = YES;
			};
			name = Release;
		};
		ACD60A191B48C11E006B4FE0 /* Debug */ = {
			isa = XCBuildConfiguration;
			baseConfigurationReference = 9C9807B0773D8C9486389726 /* Pods.debug.xcconfig */;
			buildSettings = {
				ASSETCATALOG_COMPILER_APPICON_NAME = AppIcon;
				ASSETCATALOG_COMPILER_LAUNCHIMAGE_NAME = LaunchImage;
				INFOPLIST_FILE = IFootPathApp/Info.plist;
				IPHONEOS_DEPLOYMENT_TARGET = 8.2;
				LD_RUNPATH_SEARCH_PATHS = "$(inherited) @executable_path/Frameworks";
				PRODUCT_NAME = iFootPathApp;
			};
			name = Debug;
		};
		ACD60A1A1B48C11E006B4FE0 /* Release */ = {
			isa = XCBuildConfiguration;
			baseConfigurationReference = 7E00D604318F945CD336B188 /* Pods.release.xcconfig */;
			buildSettings = {
				ASSETCATALOG_COMPILER_APPICON_NAME = AppIcon;
				ASSETCATALOG_COMPILER_LAUNCHIMAGE_NAME = LaunchImage;
				INFOPLIST_FILE = IFootPathApp/Info.plist;
				IPHONEOS_DEPLOYMENT_TARGET = 8.2;
				LD_RUNPATH_SEARCH_PATHS = "$(inherited) @executable_path/Frameworks";
				PRODUCT_NAME = iFootPathApp;
			};
			name = Release;
		};
/* End XCBuildConfiguration section */

/* Begin XCConfigurationList section */
		ACD609ED1B48C11E006B4FE0 /* Build configuration list for PBXProject "IFootPathApp" */ = {
			isa = XCConfigurationList;
			buildConfigurations = (
				ACD60A161B48C11E006B4FE0 /* Debug */,
				ACD60A171B48C11E006B4FE0 /* Release */,
			);
			defaultConfigurationIsVisible = 0;
			defaultConfigurationName = Release;
		};
		ACD60A181B48C11E006B4FE0 /* Build configuration list for PBXNativeTarget "iFootPathApp" */ = {
			isa = XCConfigurationList;
			buildConfigurations = (
				ACD60A191B48C11E006B4FE0 /* Debug */,
				ACD60A1A1B48C11E006B4FE0 /* Release */,
			);
			defaultConfigurationIsVisible = 0;
			defaultConfigurationName = Release;
		};
/* End XCConfigurationList section */

/* Begin XCVersionGroup section */
		ACD609FC1B48C11E006B4FE0 /* IFootPathApp.xcdatamodeld */ = {
			isa = XCVersionGroup;
			children = (
				ACD609FD1B48C11E006B4FE0 /* IFootPathApp.xcdatamodel */,
			);
			currentVersion = ACD609FD1B48C11E006B4FE0 /* IFootPathApp.xcdatamodel */;
			path = IFootPathApp.xcdatamodeld;
			sourceTree = "<group>";
			versionGroupType = wrapper.xcdatamodel;
		};
/* End XCVersionGroup section */
	};
	rootObject = ACD609EA1B48C11E006B4FE0 /* Project object */;
}
